
Microsoft Visual Studio Solution File, Format Version 12.00
# Visual Studio Version 17
VisualStudioVersion = 17.5.2.0
MinimumVisualStudioVersion = 10.0.40219.1
Project("{9A19103F-16F7-4668-BE54-9A1E7A4F7556}") = "api", "api\api.csproj", "{DF0F7F99-211E-4C45-96BB-6D2A850AF8DE}"
EndProject
Project("{9A19103F-16F7-4668-BE54-9A1E7A4F7556}") = "TestApi", "TestApi\TestApi.csproj", "{2D76E1F1-0C8B-4BE9-A515-8C1A96F92A22}"
EndProject
Project("{FAE04EC0-301F-11D3-BF4B-00C04F79EFBC}") = "TestE2E", "TestE2E\TestE2E.csproj", "{77B63062-C9A4-4FDC-A31C-7FD23413FA33}"
EndProject
Project("{FAE04EC0-301F-11D3-BF4B-00C04F79EFBC}") = "IntegrationTest", "IntegrationTest\IntegrationTest.csproj", "{9AD55035-83AD-4E74-B0B0-B593980998A6}"
EndProject
Global
	GlobalSection(SolutionConfigurationPlatforms) = preSolution
		Debug|Any CPU = Debug|Any CPU
		Release|Any CPU = Release|Any CPU
	EndGlobalSection
	GlobalSection(ProjectConfigurationPlatforms) = postSolution
		{DF0F7F99-211E-4C45-96BB-6D2A850AF8DE}.Debug|Any CPU.ActiveCfg = Debug|Any CPU
		{DF0F7F99-211E-4C45-96BB-6D2A850AF8DE}.Debug|Any CPU.Build.0 = Debug|Any CPU
		{DF0F7F99-211E-4C45-96BB-6D2A850AF8DE}.Release|Any CPU.ActiveCfg = Release|Any CPU
		{DF0F7F99-211E-4C45-96BB-6D2A850AF8DE}.Release|Any CPU.Build.0 = Release|Any CPU
		{2D76E1F1-0C8B-4BE9-A515-8C1A96F92A22}.Debug|Any CPU.ActiveCfg = Debug|Any CPU
		{2D76E1F1-0C8B-4BE9-A515-8C1A96F92A22}.Debug|Any CPU.Build.0 = Debug|Any CPU
		{2D76E1F1-0C8B-4BE9-A515-8C1A96F92A22}.Release|Any CPU.ActiveCfg = Release|Any CPU
		{2D76E1F1-0C8B-4BE9-A515-8C1A96F92A22}.Release|Any CPU.Build.0 = Release|Any CPU
		{77B63062-C9A4-4FDC-A31C-7FD23413FA33}.Debug|Any CPU.ActiveCfg = Debug|Any CPU
		{77B63062-C9A4-4FDC-A31C-7FD23413FA33}.Debug|Any CPU.Build.0 = Debug|Any CPU
		{77B63062-C9A4-4FDC-A31C-7FD23413FA33}.Release|Any CPU.ActiveCfg = Release|Any CPU
		{77B63062-C9A4-4FDC-A31C-7FD23413FA33}.Release|Any CPU.Build.0 = Release|Any CPU
		{9AD55035-83AD-4E74-B0B0-B593980998A6}.Debug|Any CPU.ActiveCfg = Debug|Any CPU
		{9AD55035-83AD-4E74-B0B0-B593980998A6}.Debug|Any CPU.Build.0 = Debug|Any CPU
		{9AD55035-83AD-4E74-B0B0-B593980998A6}.Release|Any CPU.ActiveCfg = Release|Any CPU
		{9AD55035-83AD-4E74-B0B0-B593980998A6}.Release|Any CPU.Build.0 = Release|Any CPU
	EndGlobalSection
	GlobalSection(SolutionProperties) = preSolution
		HideSolutionNode = FALSE
	EndGlobalSection
	GlobalSection(ExtensibilityGlobals) = postSolution
		SolutionGuid = {A3681BE0-4897-463E-88E7-1C6CCE21AAE3}
	EndGlobalSection
EndGlobal
